
Microsoft Visual Studio Solution File, Format Version 12.00
Project("{2150E333-8FDC-42A3-9474-1A3956D46DE8}") = "Tests", "Tests", "{6A1FC042-4E2E-4F0C-9EC0-50FDF6E8EC97}"
EndProject
Project("{2150E333-8FDC-42A3-9474-1A3956D46DE8}") = "SolutionItems", "SolutionItems", "{1317B8D6-4DD8-4411-A1C0-B495BCC83730}"
ProjectSection(SolutionItems) = preProject
	.editorconfig = .editorconfig
	Directory.Build.props = Directory.Build.props
	readme.md = readme.md
	.github\workflows\release.yml = .github\workflows\release.yml
	.github\workflows\test.yml = .github\workflows\test.yml
	.github\workflows\release-local-repository.yml = .github\workflows\release-local-repository.yml
EndProjectSection
EndProject
Project("{FAE04EC0-301F-11D3-BF4B-00C04F79EFBC}") = "RidgeTests", "Tests\RidgeTests\RidgeTests.csproj", "{58A161C4-F29D-47A5-BADA-98CE87ABBEDD}"
EndProject
Project("{FAE04EC0-301F-11D3-BF4B-00C04F79EFBC}") = "TestWebApplication", "Tests\TestWebApplication\TestWebApplication.csproj", "{D7859121-5FEE-461B-AD85-53EB64E189EB}"
EndProject
Project("{FAE04EC0-301F-11D3-BF4B-00C04F79EFBC}") = "Ridge", "src\Ridge\Ridge.csproj", "{4CA4A4DE-74D8-4875-928F-15C0906CF310}"
EndProject
Project("{FAE04EC0-301F-11D3-BF4B-00C04F79EFBC}") = "RidgeXunitTest", "Tests\RidgeXunitTest\RidgeXunitTest.csproj", "{8A7C0CF3-3D03-4EB8-8D69-FDA99CB69E67}"
EndProject
Project("{FAE04EC0-301F-11D3-BF4B-00C04F79EFBC}") = "RidgeExamples", "Tests\RidgeExamples\RidgeExamples.csproj", "{159F2AB0-7E3D-4909-B68F-B118F55EE657}"
EndProject
Project("{FAE04EC0-301F-11D3-BF4B-00C04F79EFBC}") = "ApplicationWithDefaultSerialization", "Tests\ApplicationWithDefaultSerialization\ApplicationWithDefaultSerialization.csproj", "{68E0D117-4649-4619-89EA-25592D5A94BE}"
EndProject
Project("{FAE04EC0-301F-11D3-BF4B-00C04F79EFBC}") = "RidgeSourceGenerator", "src\RidgeSourceGenerator\RidgeSourceGenerator.csproj", "{383F891C-70F9-4803-8D81-D017C896BAFF}"
EndProject
Project("{FAE04EC0-301F-11D3-BF4B-00C04F79EFBC}") = "RidgeGeneratorInProcessTests", "Tests\RidgeGeneratorInProcessTests\RidgeGeneratorInProcessTests.csproj", "{ABC22890-3E1B-48A1-A677-B4B8CE4A9A0E}"
EndProject
Project("{FAE04EC0-301F-11D3-BF4B-00C04F79EFBC}") = "Ridge.Extensions.Xunit", "src\Ridge.Extensions.Xunit\Ridge.Extensions.Xunit.csproj", "{F0BA4040-3BDB-4C7E-B1F2-CAB9C39684E3}"
EndProject
Project("{FAE04EC0-301F-11D3-BF4B-00C04F79EFBC}") = "Ridge.Extensions.Nunit", "src\Ridge.Extensions.Nunit\Ridge.Extensions.Nunit.csproj", "{DF5C243D-639D-4848-B4EC-BC2EA814376F}"
EndProject
Project("{FAE04EC0-301F-11D3-BF4B-00C04F79EFBC}") = "Ridge.AspNetCore", "src\Ridge.AspNetCore\Ridge.AspNetCore.csproj", "{403E9BF4-FE59-4B87-AFE0-5ADE7506DB4B}"
EndProject
Project("{2150E333-8FDC-42A3-9474-1A3956D46DE8}") = "Examples", "Examples", "{1FAB348F-7B0D-4B95-8098-02E7ED4FAFA3}"
EndProject
Project("{2150E333-8FDC-42A3-9474-1A3956D46DE8}") = "1_SimpleExample", "1_SimpleExample", "{302A80A8-5146-4BAB-8725-1F0282DA456C}"
	ProjectSection(SolutionItems) = preProject
		Examples\1_SimpleExample\readme.md = Examples\1_SimpleExample\readme.md
	EndProjectSection
EndProject
Project("{2150E333-8FDC-42A3-9474-1A3956D46DE8}") = "2_RequestResponseLoggingExample", "2_RequestResponseLoggingExample", "{CFA28366-CB1F-4AA1-B90B-7C689123713A}"
	ProjectSection(SolutionItems) = preProject
		Examples\2_RequestResponseLogging\readme.md = Examples\2_RequestResponseLogging\readme.md
	EndProjectSection
EndProject
Project("{FAE04EC0-301F-11D3-BF4B-00C04F79EFBC}") = "SimpleExample.Mvc", "Examples\1_SimpleExample\SimpleExample.Mvc\SimpleExample.Mvc.csproj", "{7C1E7FC3-7719-4634-AF1C-3336BBFFD4E1}"
EndProject
Project("{FAE04EC0-301F-11D3-BF4B-00C04F79EFBC}") = "SimpleExample.Tests", "Examples\1_SimpleExample\SimpleExample.Tests\SimpleExample.Tests.csproj", "{B8AD500C-9CF3-4D3E-9F1A-49A5E13642A5}"
EndProject
Project("{FAE04EC0-301F-11D3-BF4B-00C04F79EFBC}") = "RequestResponseLogging.Mvc", "Examples\2_RequestResponseLogging\RequestResponseLogging.Mvc\RequestResponseLogging.Mvc.csproj", "{3B5BA657-0024-4779-837D-74484B943612}"
EndProject
Project("{FAE04EC0-301F-11D3-BF4B-00C04F79EFBC}") = "RequestResponseLogging.Tests", "Examples\2_RequestResponseLogging\RequestResponseLogging.Tests\RequestResponseLogging.Tests.csproj", "{F87EA2DE-07C1-4781-8E06-1D917AF7E033}"
EndProject
Project("{2150E333-8FDC-42A3-9474-1A3956D46DE8}") = "3_RethrowExceptionInsteadOfHttpResponse", "3_RethrowExceptionInsteadOfHttpResponse", "{A16F5EF6-A0F3-4333-AB10-149128BBB93B}"
	ProjectSection(SolutionItems) = preProject
		Examples\3_RethrowExceptionInsteadOfHttpResponse\readme.md = Examples\3_RethrowExceptionInsteadOfHttpResponse\readme.md
	EndProjectSection
EndProject
Project("{2150E333-8FDC-42A3-9474-1A3956D46DE8}") = "4_RecommendedSetup", "4_RecommendedSetup", "{5A9ECF39-933B-4A37-83D7-89FB676D144A}"
	ProjectSection(SolutionItems) = preProject
		Examples\4_RecommendedSetup\readme.md = Examples\4_RecommendedSetup\readme.md
	EndProjectSection
EndProject
Project("{FAE04EC0-301F-11D3-BF4B-00C04F79EFBC}") = "RethrowExceptionInsteadOfHttpResponse.Mvc", "Examples\3_RethrowExceptionInsteadOfHttpResponse\RethrowExceptionInsteadOfHttpResponse.Mvc\RethrowExceptionInsteadOfHttpResponse.Mvc.csproj", "{787546A4-C1EC-4947-BD07-83F65021153B}"
EndProject
Project("{FAE04EC0-301F-11D3-BF4B-00C04F79EFBC}") = "RethrowExceptionInsteadOfHttpResponse.Tests", "Examples\3_RethrowExceptionInsteadOfHttpResponse\RethrowExceptionInsteadOfHttpResponse.Tests\RethrowExceptionInsteadOfHttpResponse.Tests.csproj", "{61722018-97B0-4F97-A9C2-61666C7E4215}"
EndProject
Project("{FAE04EC0-301F-11D3-BF4B-00C04F79EFBC}") = "RecommendedSetup.Mvc", "Examples\4_RecommendedSetup\RecommendedSetup.Mvc\RecommendedSetup.Mvc.csproj", "{65059AE1-B832-4B7B-8342-BFB82AF143D6}"
EndProject
Project("{FAE04EC0-301F-11D3-BF4B-00C04F79EFBC}") = "RecommendedSetup.Tests", "Examples\4_RecommendedSetup\RecommendedSetup.Tests\RecommendedSetup.Tests.csproj", "{4694AFFF-3E57-4FF5-B3DC-BFF1FB9158E9}"
EndProject
Project("{2150E333-8FDC-42A3-9474-1A3956D46DE8}") = "5_AlterRequestGeneration", "5_AlterRequestGeneration", "{707812E7-7F6B-43DF-8CDC-BA202485ABBD}"
	ProjectSection(SolutionItems) = preProject
		Examples\5_AlterRequestGeneration\readme.md = Examples\5_AlterRequestGeneration\readme.md
	EndProjectSection
EndProject
Project("{FAE04EC0-301F-11D3-BF4B-00C04F79EFBC}") = "AlterRequestGeneration.Mvc", "Examples\5_AlterRequestGeneration\AlterRequestGeneration.Mvc\AlterRequestGeneration.Mvc.csproj", "{3F443991-D17B-4631-BFCC-8666BDE2968C}"
EndProject
Project("{FAE04EC0-301F-11D3-BF4B-00C04F79EFBC}") = "AlterRequestGeneration.Tests", "Examples\5_AlterRequestGeneration\AlterRequestGeneration.Tests\AlterRequestGeneration.Tests.csproj", "{A187925D-D16C-42FB-A8FC-E7601D098E9C}"
EndProject
Global
	GlobalSection(SolutionConfigurationPlatforms) = preSolution
		Debug|Any CPU = Debug|Any CPU
		Release|Any CPU = Release|Any CPU
	EndGlobalSection
	GlobalSection(ProjectConfigurationPlatforms) = postSolution
		{58A161C4-F29D-47A5-BADA-98CE87ABBEDD}.Debug|Any CPU.ActiveCfg = Debug|Any CPU
		{58A161C4-F29D-47A5-BADA-98CE87ABBEDD}.Debug|Any CPU.Build.0 = Debug|Any CPU
		{58A161C4-F29D-47A5-BADA-98CE87ABBEDD}.Release|Any CPU.ActiveCfg = Release|Any CPU
		{58A161C4-F29D-47A5-BADA-98CE87ABBEDD}.Release|Any CPU.Build.0 = Release|Any CPU
		{D7859121-5FEE-461B-AD85-53EB64E189EB}.Debug|Any CPU.ActiveCfg = Debug|Any CPU
		{D7859121-5FEE-461B-AD85-53EB64E189EB}.Debug|Any CPU.Build.0 = Debug|Any CPU
		{D7859121-5FEE-461B-AD85-53EB64E189EB}.Release|Any CPU.ActiveCfg = Release|Any CPU
		{D7859121-5FEE-461B-AD85-53EB64E189EB}.Release|Any CPU.Build.0 = Release|Any CPU
		{4CA4A4DE-74D8-4875-928F-15C0906CF310}.Debug|Any CPU.ActiveCfg = Debug|Any CPU
		{4CA4A4DE-74D8-4875-928F-15C0906CF310}.Debug|Any CPU.Build.0 = Debug|Any CPU
		{4CA4A4DE-74D8-4875-928F-15C0906CF310}.Release|Any CPU.ActiveCfg = Release|Any CPU
		{4CA4A4DE-74D8-4875-928F-15C0906CF310}.Release|Any CPU.Build.0 = Release|Any CPU
		{8A7C0CF3-3D03-4EB8-8D69-FDA99CB69E67}.Debug|Any CPU.ActiveCfg = Debug|Any CPU
		{8A7C0CF3-3D03-4EB8-8D69-FDA99CB69E67}.Debug|Any CPU.Build.0 = Debug|Any CPU
		{8A7C0CF3-3D03-4EB8-8D69-FDA99CB69E67}.Release|Any CPU.ActiveCfg = Release|Any CPU
		{8A7C0CF3-3D03-4EB8-8D69-FDA99CB69E67}.Release|Any CPU.Build.0 = Release|Any CPU
		{159F2AB0-7E3D-4909-B68F-B118F55EE657}.Debug|Any CPU.ActiveCfg = Debug|Any CPU
		{159F2AB0-7E3D-4909-B68F-B118F55EE657}.Debug|Any CPU.Build.0 = Debug|Any CPU
		{159F2AB0-7E3D-4909-B68F-B118F55EE657}.Release|Any CPU.ActiveCfg = Release|Any CPU
		{159F2AB0-7E3D-4909-B68F-B118F55EE657}.Release|Any CPU.Build.0 = Release|Any CPU
		{68E0D117-4649-4619-89EA-25592D5A94BE}.Debug|Any CPU.ActiveCfg = Debug|Any CPU
		{68E0D117-4649-4619-89EA-25592D5A94BE}.Debug|Any CPU.Build.0 = Debug|Any CPU
		{68E0D117-4649-4619-89EA-25592D5A94BE}.Release|Any CPU.ActiveCfg = Release|Any CPU
		{68E0D117-4649-4619-89EA-25592D5A94BE}.Release|Any CPU.Build.0 = Release|Any CPU
		{383F891C-70F9-4803-8D81-D017C896BAFF}.Debug|Any CPU.ActiveCfg = Debug|Any CPU
		{383F891C-70F9-4803-8D81-D017C896BAFF}.Debug|Any CPU.Build.0 = Debug|Any CPU
		{383F891C-70F9-4803-8D81-D017C896BAFF}.Release|Any CPU.ActiveCfg = Release|Any CPU
		{383F891C-70F9-4803-8D81-D017C896BAFF}.Release|Any CPU.Build.0 = Release|Any CPU
		{ABC22890-3E1B-48A1-A677-B4B8CE4A9A0E}.Debug|Any CPU.ActiveCfg = Debug|Any CPU
		{ABC22890-3E1B-48A1-A677-B4B8CE4A9A0E}.Debug|Any CPU.Build.0 = Debug|Any CPU
		{ABC22890-3E1B-48A1-A677-B4B8CE4A9A0E}.Release|Any CPU.ActiveCfg = Release|Any CPU
		{ABC22890-3E1B-48A1-A677-B4B8CE4A9A0E}.Release|Any CPU.Build.0 = Release|Any CPU
		{F0BA4040-3BDB-4C7E-B1F2-CAB9C39684E3}.Debug|Any CPU.ActiveCfg = Debug|Any CPU
		{F0BA4040-3BDB-4C7E-B1F2-CAB9C39684E3}.Debug|Any CPU.Build.0 = Debug|Any CPU
		{F0BA4040-3BDB-4C7E-B1F2-CAB9C39684E3}.Release|Any CPU.ActiveCfg = Release|Any CPU
		{F0BA4040-3BDB-4C7E-B1F2-CAB9C39684E3}.Release|Any CPU.Build.0 = Release|Any CPU
		{DF5C243D-639D-4848-B4EC-BC2EA814376F}.Debug|Any CPU.ActiveCfg = Debug|Any CPU
		{DF5C243D-639D-4848-B4EC-BC2EA814376F}.Debug|Any CPU.Build.0 = Debug|Any CPU
		{DF5C243D-639D-4848-B4EC-BC2EA814376F}.Release|Any CPU.ActiveCfg = Release|Any CPU
		{DF5C243D-639D-4848-B4EC-BC2EA814376F}.Release|Any CPU.Build.0 = Release|Any CPU
		{403E9BF4-FE59-4B87-AFE0-5ADE7506DB4B}.Debug|Any CPU.ActiveCfg = Debug|Any CPU
		{403E9BF4-FE59-4B87-AFE0-5ADE7506DB4B}.Debug|Any CPU.Build.0 = Debug|Any CPU
		{403E9BF4-FE59-4B87-AFE0-5ADE7506DB4B}.Release|Any CPU.ActiveCfg = Release|Any CPU
		{403E9BF4-FE59-4B87-AFE0-5ADE7506DB4B}.Release|Any CPU.Build.0 = Release|Any CPU
		{7C1E7FC3-7719-4634-AF1C-3336BBFFD4E1}.Debug|Any CPU.ActiveCfg = Debug|Any CPU
		{7C1E7FC3-7719-4634-AF1C-3336BBFFD4E1}.Debug|Any CPU.Build.0 = Debug|Any CPU
		{7C1E7FC3-7719-4634-AF1C-3336BBFFD4E1}.Release|Any CPU.ActiveCfg = Release|Any CPU
		{7C1E7FC3-7719-4634-AF1C-3336BBFFD4E1}.Release|Any CPU.Build.0 = Release|Any CPU
		{B8AD500C-9CF3-4D3E-9F1A-49A5E13642A5}.Debug|Any CPU.ActiveCfg = Debug|Any CPU
		{B8AD500C-9CF3-4D3E-9F1A-49A5E13642A5}.Debug|Any CPU.Build.0 = Debug|Any CPU
		{B8AD500C-9CF3-4D3E-9F1A-49A5E13642A5}.Release|Any CPU.ActiveCfg = Release|Any CPU
		{B8AD500C-9CF3-4D3E-9F1A-49A5E13642A5}.Release|Any CPU.Build.0 = Release|Any CPU
		{3B5BA657-0024-4779-837D-74484B943612}.Debug|Any CPU.ActiveCfg = Debug|Any CPU
		{3B5BA657-0024-4779-837D-74484B943612}.Debug|Any CPU.Build.0 = Debug|Any CPU
		{3B5BA657-0024-4779-837D-74484B943612}.Release|Any CPU.ActiveCfg = Release|Any CPU
		{3B5BA657-0024-4779-837D-74484B943612}.Release|Any CPU.Build.0 = Release|Any CPU
		{F87EA2DE-07C1-4781-8E06-1D917AF7E033}.Debug|Any CPU.ActiveCfg = Debug|Any CPU
		{F87EA2DE-07C1-4781-8E06-1D917AF7E033}.Debug|Any CPU.Build.0 = Debug|Any CPU
		{F87EA2DE-07C1-4781-8E06-1D917AF7E033}.Release|Any CPU.ActiveCfg = Release|Any CPU
		{F87EA2DE-07C1-4781-8E06-1D917AF7E033}.Release|Any CPU.Build.0 = Release|Any CPU
		{787546A4-C1EC-4947-BD07-83F65021153B}.Debug|Any CPU.ActiveCfg = Debug|Any CPU
		{787546A4-C1EC-4947-BD07-83F65021153B}.Debug|Any CPU.Build.0 = Debug|Any CPU
		{787546A4-C1EC-4947-BD07-83F65021153B}.Release|Any CPU.ActiveCfg = Release|Any CPU
		{787546A4-C1EC-4947-BD07-83F65021153B}.Release|Any CPU.Build.0 = Release|Any CPU
		{61722018-97B0-4F97-A9C2-61666C7E4215}.Debug|Any CPU.ActiveCfg = Debug|Any CPU
		{61722018-97B0-4F97-A9C2-61666C7E4215}.Debug|Any CPU.Build.0 = Debug|Any CPU
		{61722018-97B0-4F97-A9C2-61666C7E4215}.Release|Any CPU.ActiveCfg = Release|Any CPU
		{61722018-97B0-4F97-A9C2-61666C7E4215}.Release|Any CPU.Build.0 = Release|Any CPU
		{65059AE1-B832-4B7B-8342-BFB82AF143D6}.Debug|Any CPU.ActiveCfg = Debug|Any CPU
		{65059AE1-B832-4B7B-8342-BFB82AF143D6}.Debug|Any CPU.Build.0 = Debug|Any CPU
		{65059AE1-B832-4B7B-8342-BFB82AF143D6}.Release|Any CPU.ActiveCfg = Release|Any CPU
		{65059AE1-B832-4B7B-8342-BFB82AF143D6}.Release|Any CPU.Build.0 = Release|Any CPU
		{4694AFFF-3E57-4FF5-B3DC-BFF1FB9158E9}.Debug|Any CPU.ActiveCfg = Debug|Any CPU
		{4694AFFF-3E57-4FF5-B3DC-BFF1FB9158E9}.Debug|Any CPU.Build.0 = Debug|Any CPU
		{4694AFFF-3E57-4FF5-B3DC-BFF1FB9158E9}.Release|Any CPU.ActiveCfg = Release|Any CPU
		{4694AFFF-3E57-4FF5-B3DC-BFF1FB9158E9}.Release|Any CPU.Build.0 = Release|Any CPU
		{3F443991-D17B-4631-BFCC-8666BDE2968C}.Debug|Any CPU.ActiveCfg = Debug|Any CPU
		{3F443991-D17B-4631-BFCC-8666BDE2968C}.Debug|Any CPU.Build.0 = Debug|Any CPU
		{3F443991-D17B-4631-BFCC-8666BDE2968C}.Release|Any CPU.ActiveCfg = Release|Any CPU
		{3F443991-D17B-4631-BFCC-8666BDE2968C}.Release|Any CPU.Build.0 = Release|Any CPU
		{A187925D-D16C-42FB-A8FC-E7601D098E9C}.Debug|Any CPU.ActiveCfg = Debug|Any CPU
		{A187925D-D16C-42FB-A8FC-E7601D098E9C}.Debug|Any CPU.Build.0 = Debug|Any CPU
		{A187925D-D16C-42FB-A8FC-E7601D098E9C}.Release|Any CPU.ActiveCfg = Release|Any CPU
		{A187925D-D16C-42FB-A8FC-E7601D098E9C}.Release|Any CPU.Build.0 = Release|Any CPU
	EndGlobalSection
	GlobalSection(NestedProjects) = preSolution
		{58A161C4-F29D-47A5-BADA-98CE87ABBEDD} = {6A1FC042-4E2E-4F0C-9EC0-50FDF6E8EC97}
		{D7859121-5FEE-461B-AD85-53EB64E189EB} = {6A1FC042-4E2E-4F0C-9EC0-50FDF6E8EC97}
		{8A7C0CF3-3D03-4EB8-8D69-FDA99CB69E67} = {6A1FC042-4E2E-4F0C-9EC0-50FDF6E8EC97}
		{68E0D117-4649-4619-89EA-25592D5A94BE} = {6A1FC042-4E2E-4F0C-9EC0-50FDF6E8EC97}
		{ABC22890-3E1B-48A1-A677-B4B8CE4A9A0E} = {6A1FC042-4E2E-4F0C-9EC0-50FDF6E8EC97}
		{302A80A8-5146-4BAB-8725-1F0282DA456C} = {1FAB348F-7B0D-4B95-8098-02E7ED4FAFA3}
		{CFA28366-CB1F-4AA1-B90B-7C689123713A} = {1FAB348F-7B0D-4B95-8098-02E7ED4FAFA3}
		{7C1E7FC3-7719-4634-AF1C-3336BBFFD4E1} = {302A80A8-5146-4BAB-8725-1F0282DA456C}
		{B8AD500C-9CF3-4D3E-9F1A-49A5E13642A5} = {302A80A8-5146-4BAB-8725-1F0282DA456C}
		{3B5BA657-0024-4779-837D-74484B943612} = {CFA28366-CB1F-4AA1-B90B-7C689123713A}
		{F87EA2DE-07C1-4781-8E06-1D917AF7E033} = {CFA28366-CB1F-4AA1-B90B-7C689123713A}
		{A16F5EF6-A0F3-4333-AB10-149128BBB93B} = {1FAB348F-7B0D-4B95-8098-02E7ED4FAFA3}
		{5A9ECF39-933B-4A37-83D7-89FB676D144A} = {1FAB348F-7B0D-4B95-8098-02E7ED4FAFA3}
		{787546A4-C1EC-4947-BD07-83F65021153B} = {A16F5EF6-A0F3-4333-AB10-149128BBB93B}
		{61722018-97B0-4F97-A9C2-61666C7E4215} = {A16F5EF6-A0F3-4333-AB10-149128BBB93B}
		{65059AE1-B832-4B7B-8342-BFB82AF143D6} = {5A9ECF39-933B-4A37-83D7-89FB676D144A}
		{4694AFFF-3E57-4FF5-B3DC-BFF1FB9158E9} = {5A9ECF39-933B-4A37-83D7-89FB676D144A}
		{707812E7-7F6B-43DF-8CDC-BA202485ABBD} = {1FAB348F-7B0D-4B95-8098-02E7ED4FAFA3}
		{3F443991-D17B-4631-BFCC-8666BDE2968C} = {707812E7-7F6B-43DF-8CDC-BA202485ABBD}
		{A187925D-D16C-42FB-A8FC-E7601D098E9C} = {707812E7-7F6B-43DF-8CDC-BA202485ABBD}
	EndGlobalSection
EndGlobal
