
Microsoft Visual Studio Solution File, Format Version 12.00
Project("{2150E333-8FDC-42A3-9474-1A3956D46DE8}") = "Tests", "Tests", "{6A1FC042-4E2E-4F0C-9EC0-50FDF6E8EC97}"
EndProject
Project("{2150E333-8FDC-42A3-9474-1A3956D46DE8}") = "SolutionItems", "SolutionItems", "{1317B8D6-4DD8-4411-A1C0-B495BCC83730}"
ProjectSection(SolutionItems) = preProject
	.editorconfig = .editorconfig
	Directory.Build.props = Directory.Build.props
	readme.md = readme.md
	.github\workflows\release.yml = .github\workflows\release.yml
	.github\workflows\test.yml = .github\workflows\test.yml
EndProjectSection
EndProject
Project("{FAE04EC0-301F-11D3-BF4B-00C04F79EFBC}") = "RidgeTests", "Tests\RidgeTests\RidgeTests.csproj", "{58A161C4-F29D-47A5-BADA-98CE87ABBEDD}"
EndProject
Project("{FAE04EC0-301F-11D3-BF4B-00C04F79EFBC}") = "TestWebApplication", "Tests\TestWebApplication\TestWebApplication.csproj", "{D7859121-5FEE-461B-AD85-53EB64E189EB}"
EndProject
Project("{FAE04EC0-301F-11D3-BF4B-00C04F79EFBC}") = "Ridge", "src\Ridge\Ridge.csproj", "{4CA4A4DE-74D8-4875-928F-15C0906CF310}"
EndProject
Project("{FAE04EC0-301F-11D3-BF4B-00C04F79EFBC}") = "RidgeXunitTest", "Tests\RidgeXunitTest\RidgeXunitTest.csproj", "{8A7C0CF3-3D03-4EB8-8D69-FDA99CB69E67}"
EndProject
Project("{FAE04EC0-301F-11D3-BF4B-00C04F79EFBC}") = "RidgeExamples", "Tests\RidgeExamples\RidgeExamples.csproj", "{159F2AB0-7E3D-4909-B68F-B118F55EE657}"
EndProject
Project("{FAE04EC0-301F-11D3-BF4B-00C04F79EFBC}") = "ApplicationWithDefaultSerialization", "Tests\ApplicationWithDefaultSerialization\ApplicationWithDefaultSerialization.csproj", "{68E0D117-4649-4619-89EA-25592D5A94BE}"
EndProject
Project("{FAE04EC0-301F-11D3-BF4B-00C04F79EFBC}") = "RidgeSourceGenerator", "src\RidgeSourceGenerator\RidgeSourceGenerator.csproj", "{383F891C-70F9-4803-8D81-D017C896BAFF}"
EndProject
Project("{FAE04EC0-301F-11D3-BF4B-00C04F79EFBC}") = "RidgeGeneratorInProcessTests", "Tests\RidgeGeneratorInProcessTests\RidgeGeneratorInProcessTests.csproj", "{ABC22890-3E1B-48A1-A677-B4B8CE4A9A0E}"
EndProject
Global
	GlobalSection(SolutionConfigurationPlatforms) = preSolution
		Debug|Any CPU = Debug|Any CPU
		Release|Any CPU = Release|Any CPU
	EndGlobalSection
	GlobalSection(ProjectConfigurationPlatforms) = postSolution
		{58A161C4-F29D-47A5-BADA-98CE87ABBEDD}.Debug|Any CPU.ActiveCfg = Debug|Any CPU
		{58A161C4-F29D-47A5-BADA-98CE87ABBEDD}.Debug|Any CPU.Build.0 = Debug|Any CPU
		{58A161C4-F29D-47A5-BADA-98CE87ABBEDD}.Release|Any CPU.ActiveCfg = Release|Any CPU
		{58A161C4-F29D-47A5-BADA-98CE87ABBEDD}.Release|Any CPU.Build.0 = Release|Any CPU
		{D7859121-5FEE-461B-AD85-53EB64E189EB}.Debug|Any CPU.ActiveCfg = Debug|Any CPU
		{D7859121-5FEE-461B-AD85-53EB64E189EB}.Debug|Any CPU.Build.0 = Debug|Any CPU
		{D7859121-5FEE-461B-AD85-53EB64E189EB}.Release|Any CPU.ActiveCfg = Release|Any CPU
		{D7859121-5FEE-461B-AD85-53EB64E189EB}.Release|Any CPU.Build.0 = Release|Any CPU
		{4CA4A4DE-74D8-4875-928F-15C0906CF310}.Debug|Any CPU.ActiveCfg = Debug|Any CPU
		{4CA4A4DE-74D8-4875-928F-15C0906CF310}.Debug|Any CPU.Build.0 = Debug|Any CPU
		{4CA4A4DE-74D8-4875-928F-15C0906CF310}.Release|Any CPU.ActiveCfg = Release|Any CPU
		{4CA4A4DE-74D8-4875-928F-15C0906CF310}.Release|Any CPU.Build.0 = Release|Any CPU
		{8A7C0CF3-3D03-4EB8-8D69-FDA99CB69E67}.Debug|Any CPU.ActiveCfg = Debug|Any CPU
		{8A7C0CF3-3D03-4EB8-8D69-FDA99CB69E67}.Debug|Any CPU.Build.0 = Debug|Any CPU
		{8A7C0CF3-3D03-4EB8-8D69-FDA99CB69E67}.Release|Any CPU.ActiveCfg = Release|Any CPU
		{8A7C0CF3-3D03-4EB8-8D69-FDA99CB69E67}.Release|Any CPU.Build.0 = Release|Any CPU
		{159F2AB0-7E3D-4909-B68F-B118F55EE657}.Debug|Any CPU.ActiveCfg = Debug|Any CPU
		{159F2AB0-7E3D-4909-B68F-B118F55EE657}.Debug|Any CPU.Build.0 = Debug|Any CPU
		{159F2AB0-7E3D-4909-B68F-B118F55EE657}.Release|Any CPU.ActiveCfg = Release|Any CPU
		{159F2AB0-7E3D-4909-B68F-B118F55EE657}.Release|Any CPU.Build.0 = Release|Any CPU
		{68E0D117-4649-4619-89EA-25592D5A94BE}.Debug|Any CPU.ActiveCfg = Debug|Any CPU
		{68E0D117-4649-4619-89EA-25592D5A94BE}.Debug|Any CPU.Build.0 = Debug|Any CPU
		{68E0D117-4649-4619-89EA-25592D5A94BE}.Release|Any CPU.ActiveCfg = Release|Any CPU
		{68E0D117-4649-4619-89EA-25592D5A94BE}.Release|Any CPU.Build.0 = Release|Any CPU
		{383F891C-70F9-4803-8D81-D017C896BAFF}.Debug|Any CPU.ActiveCfg = Debug|Any CPU
		{383F891C-70F9-4803-8D81-D017C896BAFF}.Debug|Any CPU.Build.0 = Debug|Any CPU
		{383F891C-70F9-4803-8D81-D017C896BAFF}.Release|Any CPU.ActiveCfg = Release|Any CPU
		{383F891C-70F9-4803-8D81-D017C896BAFF}.Release|Any CPU.Build.0 = Release|Any CPU
		{ABC22890-3E1B-48A1-A677-B4B8CE4A9A0E}.Debug|Any CPU.ActiveCfg = Debug|Any CPU
		{ABC22890-3E1B-48A1-A677-B4B8CE4A9A0E}.Debug|Any CPU.Build.0 = Debug|Any CPU
		{ABC22890-3E1B-48A1-A677-B4B8CE4A9A0E}.Release|Any CPU.ActiveCfg = Release|Any CPU
		{ABC22890-3E1B-48A1-A677-B4B8CE4A9A0E}.Release|Any CPU.Build.0 = Release|Any CPU
	EndGlobalSection
	GlobalSection(NestedProjects) = preSolution
		{58A161C4-F29D-47A5-BADA-98CE87ABBEDD} = {6A1FC042-4E2E-4F0C-9EC0-50FDF6E8EC97}
		{D7859121-5FEE-461B-AD85-53EB64E189EB} = {6A1FC042-4E2E-4F0C-9EC0-50FDF6E8EC97}
		{8A7C0CF3-3D03-4EB8-8D69-FDA99CB69E67} = {6A1FC042-4E2E-4F0C-9EC0-50FDF6E8EC97}
		{68E0D117-4649-4619-89EA-25592D5A94BE} = {6A1FC042-4E2E-4F0C-9EC0-50FDF6E8EC97}
		{ABC22890-3E1B-48A1-A677-B4B8CE4A9A0E} = {6A1FC042-4E2E-4F0C-9EC0-50FDF6E8EC97}
	EndGlobalSection
EndGlobal
